// !$*UTF8*$!
{
	archiveVersion = 1;
	classes = {
	};
	objectVersion = 46;
	objects = {

/* Begin PBXBuildFile section */
		A365C4511EAD6EBF00FD51DE /* icon_comment.png in Resources */ = {isa = PBXBuildFile; fileRef = A365C44A1EAD6EBF00FD51DE /* icon_comment.png */; };
		A365C4521EAD6EBF00FD51DE /* icon_like.png in Resources */ = {isa = PBXBuildFile; fileRef = A365C44B1EAD6EBF00FD51DE /* icon_like.png */; };
		A365C4531EAD6EBF00FD51DE /* img_01.png in Resources */ = {isa = PBXBuildFile; fileRef = A365C44C1EAD6EBF00FD51DE /* img_01.png */; };
		A365C4541EAD6EBF00FD51DE /* img_02.png in Resources */ = {isa = PBXBuildFile; fileRef = A365C44D1EAD6EBF00FD51DE /* img_02.png */; };
		A365C4551EAD6EBF00FD51DE /* img_03.png in Resources */ = {isa = PBXBuildFile; fileRef = A365C44E1EAD6EBF00FD51DE /* img_03.png */; };
		A365C4561EAD6EBF00FD51DE /* img_04.png in Resources */ = {isa = PBXBuildFile; fileRef = A365C44F1EAD6EBF00FD51DE /* img_04.png */; };
		A365C4571EAD6EBF00FD51DE /* user1.png in Resources */ = {isa = PBXBuildFile; fileRef = A365C4501EAD6EBF00FD51DE /* user1.png */; };
		A37C46061EAD3100004014BB /* AppDelegate.swift in Sources */ = {isa = PBXBuildFile; fileRef = A37C46051EAD3100004014BB /* AppDelegate.swift */; };
		A37C46081EAD3100004014BB /* ViewController.swift in Sources */ = {isa = PBXBuildFile; fileRef = A37C46071EAD3100004014BB /* ViewController.swift */; };
		A37C460B1EAD3100004014BB /* Main.storyboard in Resources */ = {isa = PBXBuildFile; fileRef = A37C46091EAD3100004014BB /* Main.storyboard */; };
		A37C460D1EAD3100004014BB /* Assets.xcassets in Resources */ = {isa = PBXBuildFile; fileRef = A37C460C1EAD3100004014BB /* Assets.xcassets */; };
		A37C46101EAD3100004014BB /* LaunchScreen.storyboard in Resources */ = {isa = PBXBuildFile; fileRef = A37C460E1EAD3100004014BB /* LaunchScreen.storyboard */; };
		A37C461B1EAD3100004014BB /* timeLineTests.swift in Sources */ = {isa = PBXBuildFile; fileRef = A37C461A1EAD3100004014BB /* timeLineTests.swift */; };
		A37C46261EAD3100004014BB /* timeLineUITests.swift in Sources */ = {isa = PBXBuildFile; fileRef = A37C46251EAD3100004014BB /* timeLineUITests.swift */; };
		A37C46421EAD3348004014BB /* FeedCell.swift in Sources */ = {isa = PBXBuildFile; fileRef = A37C46411EAD3348004014BB /* FeedCell.swift */; };
/* End PBXBuildFile section */

/* Begin PBXContainerItemProxy section */
		A37C46171EAD3100004014BB /* PBXContainerItemProxy */ = {
			isa = PBXContainerItemProxy;
			containerPortal = A37C45FA1EAD30FF004014BB /* Project object */;
			proxyType = 1;
			remoteGlobalIDString = A37C46011EAD30FF004014BB;
			remoteInfo = timeLine;
		};
		A37C46221EAD3100004014BB /* PBXContainerItemProxy */ = {
			isa = PBXContainerItemProxy;
			containerPortal = A37C45FA1EAD30FF004014BB /* Project object */;
			proxyType = 1;
			remoteGlobalIDString = A37C46011EAD30FF004014BB;
			remoteInfo = timeLine;
		};
/* End PBXContainerItemProxy section */

/* Begin PBXFileReference section */
		A365C44A1EAD6EBF00FD51DE /* icon_comment.png */ = {isa = PBXFileReference; lastKnownFileType = image.png; path = icon_comment.png; sourceTree = "<group>"; };
		A365C44B1EAD6EBF00FD51DE /* icon_like.png */ = {isa = PBXFileReference; lastKnownFileType = image.png; path = icon_like.png; sourceTree = "<group>"; };
		A365C44C1EAD6EBF00FD51DE /* img_01.png */ = {isa = PBXFileReference; lastKnownFileType = image.png; path = img_01.png; sourceTree = "<group>"; };
		A365C44D1EAD6EBF00FD51DE /* img_02.png */ = {isa = PBXFileReference; lastKnownFileType = image.png; path = img_02.png; sourceTree = "<group>"; };
		A365C44E1EAD6EBF00FD51DE /* img_03.png */ = {isa = PBXFileReference; lastKnownFileType = image.png; path = img_03.png; sourceTree = "<group>"; };
		A365C44F1EAD6EBF00FD51DE /* img_04.png */ = {isa = PBXFileReference; lastKnownFileType = image.png; path = img_04.png; sourceTree = "<group>"; };
		A365C4501EAD6EBF00FD51DE /* user1.png */ = {isa = PBXFileReference; lastKnownFileType = image.png; path = user1.png; sourceTree = "<group>"; };
		A37C46021EAD3100004014BB /* timeLine.app */ = {isa = PBXFileReference; explicitFileType = wrapper.application; includeInIndex = 0; path = timeLine.app; sourceTree = BUILT_PRODUCTS_DIR; };
		A37C46051EAD3100004014BB /* AppDelegate.swift */ = {isa = PBXFileReference; lastKnownFileType = sourcecode.swift; path = AppDelegate.swift; sourceTree = "<group>"; };
		A37C46071EAD3100004014BB /* ViewController.swift */ = {isa = PBXFileReference; lastKnownFileType = sourcecode.swift; path = ViewController.swift; sourceTree = "<group>"; };
		A37C460A1EAD3100004014BB /* Base */ = {isa = PBXFileReference; lastKnownFileType = file.storyboard; name = Base; path = Base.lproj/Main.storyboard; sourceTree = "<group>"; };
		A37C460C1EAD3100004014BB /* Assets.xcassets */ = {isa = PBXFileReference; lastKnownFileType = folder.assetcatalog; path = Assets.xcassets; sourceTree = "<group>"; };
		A37C460F1EAD3100004014BB /* Base */ = {isa = PBXFileReference; lastKnownFileType = file.storyboard; name = Base; path = Base.lproj/LaunchScreen.storyboard; sourceTree = "<group>"; };
		A37C46111EAD3100004014BB /* Info.plist */ = {isa = PBXFileReference; lastKnownFileType = text.plist.xml; path = Info.plist; sourceTree = "<group>"; };
		A37C46161EAD3100004014BB /* timeLineTests.xctest */ = {isa = PBXFileReference; explicitFileType = wrapper.cfbundle; includeInIndex = 0; path = timeLineTests.xctest; sourceTree = BUILT_PRODUCTS_DIR; };
		A37C461A1EAD3100004014BB /* timeLineTests.swift */ = {isa = PBXFileReference; lastKnownFileType = sourcecode.swift; path = timeLineTests.swift; sourceTree = "<group>"; };
		A37C461C1EAD3100004014BB /* Info.plist */ = {isa = PBXFileReference; lastKnownFileType = text.plist.xml; path = Info.plist; sourceTree = "<group>"; };
		A37C46211EAD3100004014BB /* timeLineUITests.xctest */ = {isa = PBXFileReference; explicitFileType = wrapper.cfbundle; includeInIndex = 0; path = timeLineUITests.xctest; sourceTree = BUILT_PRODUCTS_DIR; };
		A37C46251EAD3100004014BB /* timeLineUITests.swift */ = {isa = PBXFileReference; lastKnownFileType = sourcecode.swift; path = timeLineUITests.swift; sourceTree = "<group>"; };
		A37C46271EAD3100004014BB /* Info.plist */ = {isa = PBXFileReference; lastKnownFileType = text.plist.xml; path = Info.plist; sourceTree = "<group>"; };
		A37C46411EAD3348004014BB /* FeedCell.swift */ = {isa = PBXFileReference; fileEncoding = 4; lastKnownFileType = sourcecode.swift; path = FeedCell.swift; sourceTree = "<group>"; };
/* End PBXFileReference section */

/* Begin PBXFrameworksBuildPhase section */
		A37C45FF1EAD30FF004014BB /* Frameworks */ = {
			isa = PBXFrameworksBuildPhase;
			buildActionMask = 2147483647;
			files = (
			);
			runOnlyForDeploymentPostprocessing = 0;
		};
		A37C46131EAD3100004014BB /* Frameworks */ = {
			isa = PBXFrameworksBuildPhase;
			buildActionMask = 2147483647;
			files = (
			);
			runOnlyForDeploymentPostprocessing = 0;
		};
		A37C461E1EAD3100004014BB /* Frameworks */ = {
			isa = PBXFrameworksBuildPhase;
			buildActionMask = 2147483647;
			files = (
			);
			runOnlyForDeploymentPostprocessing = 0;
		};
/* End PBXFrameworksBuildPhase section */

/* Begin PBXGroup section */
		A37C45F91EAD30FF004014BB = {
			isa = PBXGroup;
			children = (
				A37C46041EAD3100004014BB /* timeLine */,
				A37C46191EAD3100004014BB /* timeLineTests */,
				A37C46241EAD3100004014BB /* timeLineUITests */,
				A37C46031EAD3100004014BB /* Products */,
			);
			sourceTree = "<group>";
		};
		A37C46031EAD3100004014BB /* Products */ = {
			isa = PBXGroup;
			children = (
				A37C46021EAD3100004014BB /* timeLine.app */,
				A37C46161EAD3100004014BB /* timeLineTests.xctest */,
				A37C46211EAD3100004014BB /* timeLineUITests.xctest */,
			);
			name = Products;
			sourceTree = "<group>";
		};
		A37C46041EAD3100004014BB /* timeLine */ = {
			isa = PBXGroup;
			children = (
				A365C44A1EAD6EBF00FD51DE /* icon_comment.png */,
				A365C44B1EAD6EBF00FD51DE /* icon_like.png */,
				A365C44C1EAD6EBF00FD51DE /* img_01.png */,
				A365C44D1EAD6EBF00FD51DE /* img_02.png */,
				A365C44E1EAD6EBF00FD51DE /* img_03.png */,
				A365C44F1EAD6EBF00FD51DE /* img_04.png */,
				A365C4501EAD6EBF00FD51DE /* user1.png */,
				A37C46051EAD3100004014BB /* AppDelegate.swift */,
				A37C46071EAD3100004014BB /* ViewController.swift */,
				A37C46091EAD3100004014BB /* Main.storyboard */,
				A37C46411EAD3348004014BB /* FeedCell.swift */,
				A37C460C1EAD3100004014BB /* Assets.xcassets */,
				A37C460E1EAD3100004014BB /* LaunchScreen.storyboard */,
				A37C46111EAD3100004014BB /* Info.plist */,
			);
			path = timeLine;
			sourceTree = "<group>";
		};
		A37C46191EAD3100004014BB /* timeLineTests */ = {
			isa = PBXGroup;
			children = (
				A37C461A1EAD3100004014BB /* timeLineTests.swift */,
				A37C461C1EAD3100004014BB /* Info.plist */,
			);
			path = timeLineTests;
			sourceTree = "<group>";
		};
		A37C46241EAD3100004014BB /* timeLineUITests */ = {
			isa = PBXGroup;
			children = (
				A37C46251EAD3100004014BB /* timeLineUITests.swift */,
				A37C46271EAD3100004014BB /* Info.plist */,
			);
			path = timeLineUITests;
			sourceTree = "<group>";
		};
/* End PBXGroup section */

/* Begin PBXNativeTarget section */
		A37C46011EAD30FF004014BB /* timeLine */ = {
			isa = PBXNativeTarget;
			buildConfigurationList = A37C462A1EAD3100004014BB /* Build configuration list for PBXNativeTarget "timeLine" */;
			buildPhases = (
				A37C45FE1EAD30FF004014BB /* Sources */,
				A37C45FF1EAD30FF004014BB /* Frameworks */,
				A37C46001EAD30FF004014BB /* Resources */,
			);
			buildRules = (
			);
			dependencies = (
			);
			name = timeLine;
			productName = timeLine;
			productReference = A37C46021EAD3100004014BB /* timeLine.app */;
			productType = "com.apple.product-type.application";
		};
		A37C46151EAD3100004014BB /* timeLineTests */ = {
			isa = PBXNativeTarget;
			buildConfigurationList = A37C462D1EAD3100004014BB /* Build configuration list for PBXNativeTarget "timeLineTests" */;
			buildPhases = (
				A37C46121EAD3100004014BB /* Sources */,
				A37C46131EAD3100004014BB /* Frameworks */,
				A37C46141EAD3100004014BB /* Resources */,
			);
			buildRules = (
			);
			dependencies = (
				A37C46181EAD3100004014BB /* PBXTargetDependency */,
			);
			name = timeLineTests;
			productName = timeLineTests;
			productReference = A37C46161EAD3100004014BB /* timeLineTests.xctest */;
			productType = "com.apple.product-type.bundle.unit-test";
		};
		A37C46201EAD3100004014BB /* timeLineUITests */ = {
			isa = PBXNativeTarget;
			buildConfigurationList = A37C46301EAD3100004014BB /* Build configuration list for PBXNativeTarget "timeLineUITests" */;
			buildPhases = (
				A37C461D1EAD3100004014BB /* Sources */,
				A37C461E1EAD3100004014BB /* Frameworks */,
				A37C461F1EAD3100004014BB /* Resources */,
			);
			buildRules = (
			);
			dependencies = (
				A37C46231EAD3100004014BB /* PBXTargetDependency */,
			);
			name = timeLineUITests;
			productName = timeLineUITests;
			productReference = A37C46211EAD3100004014BB /* timeLineUITests.xctest */;
			productType = "com.apple.product-type.bundle.ui-testing";
		};
/* End PBXNativeTarget section */

/* Begin PBXProject section */
		A37C45FA1EAD30FF004014BB /* Project object */ = {
			isa = PBXProject;
			attributes = {
				LastSwiftUpdateCheck = 0830;
				LastUpgradeCheck = 0830;
				ORGANIZATIONNAME = Julia;
				TargetAttributes = {
					A37C46011EAD30FF004014BB = {
						CreatedOnToolsVersion = 8.3.2;
						ProvisioningStyle = Automatic;
					};
					A37C46151EAD3100004014BB = {
						CreatedOnToolsVersion = 8.3.2;
						ProvisioningStyle = Automatic;
						TestTargetID = A37C46011EAD30FF004014BB;
					};
					A37C46201EAD3100004014BB = {
						CreatedOnToolsVersion = 8.3.2;
						ProvisioningStyle = Automatic;
						TestTargetID = A37C46011EAD30FF004014BB;
					};
				};
			};
			buildConfigurationList = A37C45FD1EAD30FF004014BB /* Build configuration list for PBXProject "timeLine" */;
			compatibilityVersion = "Xcode 3.2";
			developmentRegion = English;
			hasScannedForEncodings = 0;
			knownRegions = (
				en,
				Base,
			);
			mainGroup = A37C45F91EAD30FF004014BB;
			productRefGroup = A37C46031EAD3100004014BB /* Products */;
			projectDirPath = "";
			projectRoot = "";
			targets = (
				A37C46011EAD30FF004014BB /* timeLine */,
				A37C46151EAD3100004014BB /* timeLineTests */,
				A37C46201EAD3100004014BB /* timeLineUITests */,
			);
		};
/* End PBXProject section */

/* Begin PBXResourcesBuildPhase section */
		A37C46001EAD30FF004014BB /* Resources */ = {
			isa = PBXResourcesBuildPhase;
			buildActionMask = 2147483647;
			files = (
				A365C4521EAD6EBF00FD51DE /* icon_like.png in Resources */,
				A37C46101EAD3100004014BB /* LaunchScreen.storyboard in Resources */,
				A365C4531EAD6EBF00FD51DE /* img_01.png in Resources */,
				A37C460D1EAD3100004014BB /* Assets.xcassets in Resources */,
				A365C4511EAD6EBF00FD51DE /* icon_comment.png in Resources */,
				A365C4541EAD6EBF00FD51DE /* img_02.png in Resources */,
				A365C4551EAD6EBF00FD51DE /* img_03.png in Resources */,
				A365C4561EAD6EBF00FD51DE /* img_04.png in Resources */,
				A365C4571EAD6EBF00FD51DE /* user1.png in Resources */,
				A37C460B1EAD3100004014BB /* Main.storyboard in Resources */,
			);
			runOnlyForDeploymentPostprocessing = 0;
		};
		A37C46141EAD3100004014BB /* Resources */ = {
			isa = PBXResourcesBuildPhase;
			buildActionMask = 2147483647;
			files = (
			);
			runOnlyForDeploymentPostprocessing = 0;
		};
		A37C461F1EAD3100004014BB /* Resources */ = {
			isa = PBXResourcesBuildPhase;
			buildActionMask = 2147483647;
			files = (
			);
			runOnlyForDeploymentPostprocessing = 0;
		};
/* End PBXResourcesBuildPhase section */

/* Begin PBXSourcesBuildPhase section */
		A37C45FE1EAD30FF004014BB /* Sources */ = {
			isa = PBXSourcesBuildPhase;
			buildActionMask = 2147483647;
			files = (
				A37C46081EAD3100004014BB /* ViewController.swift in Sources */,
				A37C46061EAD3100004014BB /* AppDelegate.swift in Sources */,
				A37C46421EAD3348004014BB /* FeedCell.swift in Sources */,
			);
			runOnlyForDeploymentPostprocessing = 0;
		};
		A37C46121EAD3100004014BB /* Sources */ = {
			isa = PBXSourcesBuildPhase;
			buildActionMask = 2147483647;
			files = (
				A37C461B1EAD3100004014BB /* timeLineTests.swift in Sources */,
			);
			runOnlyForDeploymentPostprocessing = 0;
		};
		A37C461D1EAD3100004014BB /* Sources */ = {
			isa = PBXSourcesBuildPhase;
			buildActionMask = 2147483647;
			files = (
				A37C46261EAD3100004014BB /* timeLineUITests.swift in Sources */,
			);
			runOnlyForDeploymentPostprocessing = 0;
		};
/* End PBXSourcesBuildPhase section */

/* Begin PBXTargetDependency section */
		A37C46181EAD3100004014BB /* PBXTargetDependency */ = {
			isa = PBXTargetDependency;
			target = A37C46011EAD30FF004014BB /* timeLine */;
			targetProxy = A37C46171EAD3100004014BB /* PBXContainerItemProxy */;
		};
		A37C46231EAD3100004014BB /* PBXTargetDependency */ = {
			isa = PBXTargetDependency;
			target = A37C46011EAD30FF004014BB /* timeLine */;
			targetProxy = A37C46221EAD3100004014BB /* PBXContainerItemProxy */;
		};
/* End PBXTargetDependency section */

/* Begin PBXVariantGroup section */
		A37C46091EAD3100004014BB /* Main.storyboard */ = {
			isa = PBXVariantGroup;
			children = (
				A37C460A1EAD3100004014BB /* Base */,
			);
			name = Main.storyboard;
			sourceTree = "<group>";
		};
		A37C460E1EAD3100004014BB /* LaunchScreen.storyboard */ = {
			isa = PBXVariantGroup;
			children = (
				A37C460F1EAD3100004014BB /* Base */,
			);
			name = LaunchScreen.storyboard;
			sourceTree = "<group>";
		};
/* End PBXVariantGroup section */

/* Begin XCBuildConfiguration section */
		A37C46281EAD3100004014BB /* Debug */ = {
			isa = XCBuildConfiguration;
			buildSettings = {
				ALWAYS_SEARCH_USER_PATHS = NO;
				CLANG_ANALYZER_NONNULL = YES;
				CLANG_ANALYZER_NUMBER_OBJECT_CONVERSION = YES_AGGRESSIVE;
				CLANG_CXX_LANGUAGE_STANDARD = "gnu++0x";
				CLANG_CXX_LIBRARY = "libc++";
				CLANG_ENABLE_MODULES = YES;
				CLANG_ENABLE_OBJC_ARC = YES;
				CLANG_WARN_BOOL_CONVERSION = YES;
				CLANG_WARN_CONSTANT_CONVERSION = YES;
				CLANG_WARN_DIRECT_OBJC_ISA_USAGE = YES_ERROR;
				CLANG_WARN_DOCUMENTATION_COMMENTS = YES;
				CLANG_WARN_EMPTY_BODY = YES;
				CLANG_WARN_ENUM_CONVERSION = YES;
				CLANG_WARN_INFINITE_RECURSION = YES;
				CLANG_WARN_INT_CONVERSION = YES;
				CLANG_WARN_OBJC_ROOT_CLASS = YES_ERROR;
				CLANG_WARN_SUSPICIOUS_MOVE = YES;
				CLANG_WARN_UNREACHABLE_CODE = YES;
				CLANG_WARN__DUPLICATE_METHOD_MATCH = YES;
				"CODE_SIGN_IDENTITY[sdk=iphoneos*]" = "iPhone Developer";
				COPY_PHASE_STRIP = NO;
				DEBUG_INFORMATION_FORMAT = dwarf;
				ENABLE_STRICT_OBJC_MSGSEND = YES;
				ENABLE_TESTABILITY = YES;
				GCC_C_LANGUAGE_STANDARD = gnu99;
				GCC_DYNAMIC_NO_PIC = NO;
				GCC_NO_COMMON_BLOCKS = YES;
				GCC_OPTIMIZATION_LEVEL = 0;
				GCC_PREPROCESSOR_DEFINITIONS = (
					"DEBUG=1",
					"$(inherited)",
				);
				GCC_WARN_64_TO_32_BIT_CONVERSION = YES;
				GCC_WARN_ABOUT_RETURN_TYPE = YES_ERROR;
				GCC_WARN_UNDECLARED_SELECTOR = YES;
				GCC_WARN_UNINITIALIZED_AUTOS = YES_AGGRESSIVE;
				GCC_WARN_UNUSED_FUNCTION = YES;
				GCC_WARN_UNUSED_VARIABLE = YES;
				IPHONEOS_DEPLOYMENT_TARGET = 10.3;
				MTL_ENABLE_DEBUG_INFO = YES;
				ONLY_ACTIVE_ARCH = YES;
				SDKROOT = iphoneos;
				SWIFT_ACTIVE_COMPILATION_CONDITIONS = DEBUG;
				SWIFT_OPTIMIZATION_LEVEL = "-Onone";
			};
			name = Debug;
		};
		A37C46291EAD3100004014BB /* Release */ = {
			isa = XCBuildConfiguration;
			buildSettings = {
				ALWAYS_SEARCH_USER_PATHS = NO;
				CLANG_ANALYZER_NONNULL = YES;
				CLANG_ANALYZER_NUMBER_OBJECT_CONVERSION = YES_AGGRESSIVE;
				CLANG_CXX_LANGUAGE_STANDARD = "gnu++0x";
				CLANG_CXX_LIBRARY = "libc++";
				CLANG_ENABLE_MODULES = YES;
				CLANG_ENABLE_OBJC_ARC = YES;
				CLANG_WARN_BOOL_CONVERSION = YES;
				CLANG_WARN_CONSTANT_CONVERSION = YES;
				CLANG_WARN_DIRECT_OBJC_ISA_USAGE = YES_ERROR;
				CLANG_WARN_DOCUMENTATION_COMMENTS = YES;
				CLANG_WARN_EMPTY_BODY = YES;
				CLANG_WARN_ENUM_CONVERSION = YES;
				CLANG_WARN_INFINITE_RECURSION = YES;
				CLANG_WARN_INT_CONVERSION = YES;
				CLANG_WARN_OBJC_ROOT_CLASS = YES_ERROR;
				CLANG_WARN_SUSPICIOUS_MOVE = YES;
				CLANG_WARN_UNREACHABLE_CODE = YES;
				CLANG_WARN__DUPLICATE_METHOD_MATCH = YES;
				"CODE_SIGN_IDENTITY[sdk=iphoneos*]" = "iPhone Developer";
				COPY_PHASE_STRIP = NO;
				DEBUG_INFORMATION_FORMAT = "dwarf-with-dsym";
				ENABLE_NS_ASSERTIONS = NO;
				ENABLE_STRICT_OBJC_MSGSEND = YES;
				GCC_C_LANGUAGE_STANDARD = gnu99;
				GCC_NO_COMMON_BLOCKS = YES;
				GCC_WARN_64_TO_32_BIT_CONVERSION = YES;
				GCC_WARN_ABOUT_RETURN_TYPE = YES_ERROR;
				GCC_WARN_UNDECLARED_SELECTOR = YES;
				GCC_WARN_UNINITIALIZED_AUTOS = YES_AGGRESSIVE;
				GCC_WARN_UNUSED_FUNCTION = YES;
				GCC_WARN_UNUSED_VARIABLE = YES;
				IPHONEOS_DEPLOYMENT_TARGET = 10.3;
				MTL_ENABLE_DEBUG_INFO = NO;
				SDKROOT = iphoneos;
				SWIFT_OPTIMIZATION_LEVEL = "-Owholemodule";
				VALIDATE_PRODUCT = YES;
			};
			name = Release;
		};
		A37C462B1EAD3100004014BB /* Debug */ = {
			isa = XCBuildConfiguration;
			buildSettings = {
				ASSETCATALOG_COMPILER_APPICON_NAME = AppIcon;
				INFOPLIST_FILE = timeLine/Info.plist;
				LD_RUNPATH_SEARCH_PATHS = "$(inherited) @executable_path/Frameworks";
				PRODUCT_BUNDLE_IDENTIFIER = iosdev.timeLine;
				PRODUCT_NAME = "$(TARGET_NAME)";
				SWIFT_VERSION = 3.0;
			};
			name = Debug;
		};
		A37C462C1EAD3100004014BB /* Release */ = {
			isa = XCBuildConfiguration;
			buildSettings = {
				ASSETCATALOG_COMPILER_APPICON_NAME = AppIcon;
				INFOPLIST_FILE = timeLine/Info.plist;
				LD_RUNPATH_SEARCH_PATHS = "$(inherited) @executable_path/Frameworks";
				PRODUCT_BUNDLE_IDENTIFIER = iosdev.timeLine;
				PRODUCT_NAME = "$(TARGET_NAME)";
				SWIFT_VERSION = 3.0;
			};
			name = Release;
		};
		A37C462E1EAD3100004014BB /* Debug */ = {
			isa = XCBuildConfiguration;
			buildSettings = {
				ALWAYS_EMBED_SWIFT_STANDARD_LIBRARIES = YES;
				BUNDLE_LOADER = "$(TEST_HOST)";
				INFOPLIST_FILE = timeLineTests/Info.plist;
				LD_RUNPATH_SEARCH_PATHS = "$(inherited) @executable_path/Frameworks @loader_path/Frameworks";
				PRODUCT_BUNDLE_IDENTIFIER = iosdev.timeLineTests;
				PRODUCT_NAME = "$(TARGET_NAME)";
				SWIFT_VERSION = 3.0;
				TEST_HOST = "$(BUILT_PRODUCTS_DIR)/timeLine.app/timeLine";
			};
			name = Debug;
		};
		A37C462F1EAD3100004014BB /* Release */ = {
			isa = XCBuildConfiguration;
			buildSettings = {
				ALWAYS_EMBED_SWIFT_STANDARD_LIBRARIES = YES;
				BUNDLE_LOADER = "$(TEST_HOST)";
				INFOPLIST_FILE = timeLineTests/Info.plist;
				LD_RUNPATH_SEARCH_PATHS = "$(inherited) @executable_path/Frameworks @loader_path/Frameworks";
				PRODUCT_BUNDLE_IDENTIFIER = iosdev.timeLineTests;
				PRODUCT_NAME = "$(TARGET_NAME)";
				SWIFT_VERSION = 3.0;
				TEST_HOST = "$(BUILT_PRODUCTS_DIR)/timeLine.app/timeLine";
			};
			name = Release;
		};
		A37C46311EAD3100004014BB /* Debug */ = {
			isa = XCBuildConfiguration;
			buildSettings = {
				ALWAYS_EMBED_SWIFT_STANDARD_LIBRARIES = YES;
				INFOPLIST_FILE = timeLineUITests/Info.plist;
				LD_RUNPATH_SEARCH_PATHS = "$(inherited) @executable_path/Frameworks @loader_path/Frameworks";
				PRODUCT_BUNDLE_IDENTIFIER = iosdev.timeLineUITests;
				PRODUCT_NAME = "$(TARGET_NAME)";
				SWIFT_VERSION = 3.0;
				TEST_TARGET_NAME = timeLine;
			};
			name = Debug;
		};
		A37C46321EAD3100004014BB /* Release */ = {
			isa = XCBuildConfiguration;
			buildSettings = {
				ALWAYS_EMBED_SWIFT_STANDARD_LIBRARIES = YES;
				INFOPLIST_FILE = timeLineUITests/Info.plist;
				LD_RUNPATH_SEARCH_PATHS = "$(inherited) @executable_path/Frameworks @loader_path/Frameworks";
				PRODUCT_BUNDLE_IDENTIFIER = iosdev.timeLineUITests;
				PRODUCT_NAME = "$(TARGET_NAME)";
				SWIFT_VERSION = 3.0;
				TEST_TARGET_NAME = timeLine;
			};
			name = Release;
		};
/* End XCBuildConfiguration section */

/* Begin XCConfigurationList section */
		A37C45FD1EAD30FF004014BB /* Build configuration list for PBXProject "timeLine" */ = {
			isa = XCConfigurationList;
			buildConfigurations = (
				A37C46281EAD3100004014BB /* Debug */,
				A37C46291EAD3100004014BB /* Release */,
			);
			defaultConfigurationIsVisible = 0;
			defaultConfigurationName = Release;
		};
		A37C462A1EAD3100004014BB /* Build configuration list for PBXNativeTarget "timeLine" */ = {
			isa = XCConfigurationList;
			buildConfigurations = (
				A37C462B1EAD3100004014BB /* Debug */,
				A37C462C1EAD3100004014BB /* Release */,
			);
			defaultConfigurationIsVisible = 0;
			defaultConfigurationName = Release;
		};
		A37C462D1EAD3100004014BB /* Build configuration list for PBXNativeTarget "timeLineTests" */ = {
			isa = XCConfigurationList;
			buildConfigurations = (
				A37C462E1EAD3100004014BB /* Debug */,
				A37C462F1EAD3100004014BB /* Release */,
			);
			defaultConfigurationIsVisible = 0;
			defaultConfigurationName = Release;
		};
		A37C46301EAD3100004014BB /* Build configuration list for PBXNativeTarget "timeLineUITests" */ = {
			isa = XCConfigurationList;
			buildConfigurations = (
				A37C46311EAD3100004014BB /* Debug */,
				A37C46321EAD3100004014BB /* Release */,
			);
			defaultConfigurationIsVisible = 0;
			defaultConfigurationName = Release;
		};
/* End XCConfigurationList section */
	};
	rootObject = A37C45FA1EAD30FF004014BB /* Project object */;
}
